
Microsoft Visual Studio Solution File, Format Version 12.00
# Visual Studio Version 17
VisualStudioVersion = 17.9.34723.18
MinimumVisualStudioVersion = 10.0.40219.1
Project("{FAE04EC0-301F-11D3-BF4B-00C04F79EFBC}") = "CarWashBookingAPI", "WebApplication1\CarWashBookingAPI.csproj", "{55AE79C8-DC9E-4786-AA5F-C1530CAA4A24}"
EndProject
Global
	GlobalSection(SolutionConfigurationPlatforms) = preSolution
		Debug|Any CPU = Debug|Any CPU
		Release|Any CPU = Release|Any CPU
	EndGlobalSection
	GlobalSection(ProjectConfigurationPlatforms) = postSolution
		{55AE79C8-DC9E-4786-AA5F-C1530CAA4A24}.Debug|Any CPU.ActiveCfg = Debug|Any CPU
		{55AE79C8-DC9E-4786-AA5F-C1530CAA4A24}.Debug|Any CPU.Build.0 = Debug|Any CPU
		{55AE79C8-DC9E-4786-AA5F-C1530CAA4A24}.Release|Any CPU.ActiveCfg = Release|Any CPU
		{55AE79C8-DC9E-4786-AA5F-C1530CAA4A24}.Release|Any CPU.Build.0 = Release|Any CPU
	EndGlobalSection
	GlobalSection(SolutionProperties) = preSolution
		HideSolutionNode = FALSE
	EndGlobalSection
	GlobalSection(ExtensibilityGlobals) = postSolution
		SolutionGuid = {C4005590-310B-4F68-AECD-A7678797C181}
	EndGlobalSection
EndGlobal
